
Microsoft Visual Studio Solution File, Format Version 12.00
# Visual Studio 15
VisualStudioVersion = 15.0.26430.15
MinimumVisualStudioVersion = 10.0.40219.1
Project("{FAE04EC0-301F-11D3-BF4B-00C04F79EFBC}") = "FilmStation.Domain", "FilmStation.Domain\FilmStation.Domain.csproj", "{B5F44B82-1B39-45F7-8B64-103297495DFE}"
EndProject
Project("{FAE04EC0-301F-11D3-BF4B-00C04F79EFBC}") = "FilmStation.WebUI", "FilmStation.WebUI\FilmStation.WebUI.csproj", "{13A3B17A-FD4E-4BAD-926A-90A2BEDC947B}"
EndProject
Global
	GlobalSection(SolutionConfigurationPlatforms) = preSolution
		Debug|Any CPU = Debug|Any CPU
		Release|Any CPU = Release|Any CPU
	EndGlobalSection
	GlobalSection(ProjectConfigurationPlatforms) = postSolution
		{B5F44B82-1B39-45F7-8B64-103297495DFE}.Debug|Any CPU.ActiveCfg = Debug|Any CPU
		{B5F44B82-1B39-45F7-8B64-103297495DFE}.Debug|Any CPU.Build.0 = Debug|Any CPU
		{B5F44B82-1B39-45F7-8B64-103297495DFE}.Release|Any CPU.ActiveCfg = Release|Any CPU
		{B5F44B82-1B39-45F7-8B64-103297495DFE}.Release|Any CPU.Build.0 = Release|Any CPU
		{13A3B17A-FD4E-4BAD-926A-90A2BEDC947B}.Debug|Any CPU.ActiveCfg = Debug|Any CPU
		{13A3B17A-FD4E-4BAD-926A-90A2BEDC947B}.Debug|Any CPU.Build.0 = Debug|Any CPU
		{13A3B17A-FD4E-4BAD-926A-90A2BEDC947B}.Release|Any CPU.ActiveCfg = Release|Any CPU
		{13A3B17A-FD4E-4BAD-926A-90A2BEDC947B}.Release|Any CPU.Build.0 = Release|Any CPU
	EndGlobalSection
	GlobalSection(SolutionProperties) = preSolution
		HideSolutionNode = FALSE
	EndGlobalSection
EndGlobal
